
Microsoft Visual Studio Solution File, Format Version 12.00
# Visual Studio Version 17
VisualStudioVersion = 17.13.35919.96
MinimumVisualStudioVersion = 10.0.40219.1
Project("{FAE04EC0-301F-11D3-BF4B-00C04F79EFBC}") = "MAUI-Sample", "MAUI-Sample\MAUI-Sample.csproj", "{37B2AC9A-F0B9-427F-A57A-B758B97F9C64}"
EndProject
Project("{2150E333-8FDC-42A3-9474-1A3956D46DE8}") = "Éléments de solution", "Éléments de solution", "{9C8CB701-102D-CF49-A3E0-89AC09D42C2C}"
	ProjectSection(SolutionItems) = preProject
		TP_Todo_API.yml = TP_Todo_API.yml
	EndProjectSection
EndProject
Project("{FAE04EC0-301F-11D3-BF4B-00C04F79EFBC}") = "MAUI-Sample.Test", "MAUI-Sample.Test\MAUI-Sample.Test.csproj", "{57922112-883B-43B8-ABEE-B4487CDAE453}"
EndProject
Global
	GlobalSection(SolutionConfigurationPlatforms) = preSolution
		Debug|Any CPU = Debug|Any CPU
		Release|Any CPU = Release|Any CPU
	EndGlobalSection
	GlobalSection(ProjectConfigurationPlatforms) = postSolution
		{37B2AC9A-F0B9-427F-A57A-B758B97F9C64}.Debug|Any CPU.ActiveCfg = Debug|Any CPU
		{37B2AC9A-F0B9-427F-A57A-B758B97F9C64}.Debug|Any CPU.Build.0 = Debug|Any CPU
		{37B2AC9A-F0B9-427F-A57A-B758B97F9C64}.Release|Any CPU.ActiveCfg = Release|Any CPU
		{37B2AC9A-F0B9-427F-A57A-B758B97F9C64}.Release|Any CPU.Build.0 = Release|Any CPU
		{57922112-883B-43B8-ABEE-B4487CDAE453}.Debug|Any CPU.ActiveCfg = Debug|Any CPU
		{57922112-883B-43B8-ABEE-B4487CDAE453}.Debug|Any CPU.Build.0 = Debug|Any CPU
		{57922112-883B-43B8-ABEE-B4487CDAE453}.Release|Any CPU.ActiveCfg = Release|Any CPU
		{57922112-883B-43B8-ABEE-B4487CDAE453}.Release|Any CPU.Build.0 = Release|Any CPU
	EndGlobalSection
	GlobalSection(SolutionProperties) = preSolution
		HideSolutionNode = FALSE
	EndGlobalSection
	GlobalSection(ExtensibilityGlobals) = postSolution
		SolutionGuid = {C92CADC5-8173-495E-93F5-7D4CBD0F751D}
	EndGlobalSection
EndGlobal
